<?xml version="1.0" encoding="utf-8"?>
<Project ToolsVersion="4.0" xmlns="http://schemas.microsoft.com/developer/msbuild/2003">
  <ItemGroup>
    <ClCompile Include="main.cpp" />
    <ClCompile Include="Config.cpp">
      <Filter>Source Files</Filter>
    </ClCompile>
    <ClCompile Include="SettingsView.cpp">
      <Filter>Source Files</Filter>
    </ClCompile>
    <ClCompile Include="TraceView.cpp">
      <Filter>Source Files</Filter>
    </ClCompile>
    <ClCompile Include="DatabaseView.cpp">
      <Filter>Source Files</Filter>
    </ClCompile>
    <ClCompile Include="CustomSqlModel.cpp">
      <Filter>Source Files</Filter>
    </ClCompile>
    <ClCompile Include="HighLighter.cpp">
      <Filter>Source Files</Filter>
    </ClCompile>
    <ClCompile Include="MiniDump.cpp">
      <Filter>Source Files</Filter>
    </ClCompile>
    <ClCompile Include="ErrorEdit.cpp">
      <Filter>Source Files</Filter>
    </ClCompile>
    <ClCompile Include="CopyableTableView.cpp">
      <Filter>Source Files</Filter>
    </ClCompile>
    <ClCompile Include="DbContext.cpp">
      <Filter>Source Files</Filter>
    </ClCompile>
    <ClCompile Include="DbConnection.cpp">
      <Filter>Source Files</Filter>
    </ClCompile>
    <ClCompile Include="SearchEdit.cpp">
      <Filter>Source Files</Filter>
    </ClCompile>
    <ClCompile Include="MainView.cpp">
      <Filter>Source Files</Filter>
    </ClCompile>
    <ClCompile Include="DdlView.cpp">
      <Filter>Source Files</Filter>
    </ClCompile>
    <ClCompile Include="SqlEdit.cpp">
      <Filter>Source Files</Filter>
    </ClCompile>
  </ItemGroup>
  <ItemGroup>
    <Filter Include="Resource Files">
      <UniqueIdentifier>{D9D6E242-F8AF-46E4-B9FD-80ECBC20BA3E}</UniqueIdentifier>
      <Extensions>qrc;*</Extensions>
      <ParseFiles>false</ParseFiles>
    </Filter>
    <Filter Include="Source Files">
      <UniqueIdentifier>{4FC737F1-C7A5-4376-A066-2A32D752A2FF}</UniqueIdentifier>
      <Extensions>cpp;c;cc;cxx;def;odl;idl;hpj;bat;asm;asmx</Extensions>
      <ParseFiles>true</ParseFiles>
    </Filter>
    <Filter Include="Header Files">
      <UniqueIdentifier>{93995380-89BD-4b04-88EB-625FBE52EBFB}</UniqueIdentifier>
      <Extensions>h;hh;hpp;hxx;hm;inl;inc;xsd</Extensions>
      <ParseFiles>true</ParseFiles>
    </Filter>
    <Filter Include="Form Files">
      <UniqueIdentifier>{99349809-55BA-4b9d-BF79-8FDBB0286EB3}</UniqueIdentifier>
      <Extensions>ui</Extensions>
      <ParseFiles>true</ParseFiles>
    </Filter>
    <Filter Include="Translation Files">
      <UniqueIdentifier>{639EADAA-A684-42e4-A9AD-28FC9BCB8F7C}</UniqueIdentifier>
      <Extensions>ts</Extensions>
      <ParseFiles>false</ParseFiles>
    </Filter>
  </ItemGroup>
  <ItemGroup>
    <QtMoc Include="SettingsView.h">
      <Filter>Header Files</Filter>
    </QtMoc>
    <QtMoc Include="TraceView.h">
      <Filter>Header Files</Filter>
    </QtMoc>
    <QtMoc Include="DatabaseView.h">
      <Filter>Header Files</Filter>
    </QtMoc>
    <QtMoc Include="CustomSqlModel.h">
      <Filter>Header Files</Filter>
    </QtMoc>
    <QtMoc Include="HighLighter.h">
      <Filter>Header Files</Filter>
    </QtMoc>
    <QtMoc Include="ErrorEdit.h">
      <Filter>Header Files</Filter>
    </QtMoc>
    <QtMoc Include="CopyableTableView.h">
      <Filter>Header Files</Filter>
    </QtMoc>
    <QtMoc Include="SearchEdit.h">
      <Filter>Header Files</Filter>
    </QtMoc>
    <QtMoc Include="MainView.h">
      <Filter>Header Files</Filter>
    </QtMoc>
    <QtMoc Include="DdlView.h">
      <Filter>Header Files</Filter>
    </QtMoc>
    <QtMoc Include="SqlEdit.h">
      <Filter>Header Files</Filter>
    </QtMoc>
  </ItemGroup>
  <ItemGroup>
    <QtUic Include="SettingsView.ui">
      <Filter>Form Files</Filter>
    </QtUic>
    <QtUic Include="TraceView.ui">
      <Filter>Form Files</Filter>
    </QtUic>
    <QtUic Include="DatabaseView.ui">
      <Filter>Form Files</Filter>
    </QtUic>
    <QtUic Include="MainViewer.ui">
      <Filter>Form Files</Filter>
    </QtUic>
    <QtUic Include="DdlView.ui">
      <Filter>Form Files</Filter>
    </QtUic>
  </ItemGroup>
  <ItemGroup>
    <QtRcc Include="YlzSqlViewer.qrc">
      <Filter>Resource Files</Filter>
    </QtRcc>
  </ItemGroup>
  <ItemGroup>
    <ClInclude Include="Config.h">
      <Filter>Header Files</Filter>
    </ClInclude>
    <ClInclude Include="resource.h">
      <Filter>Header Files</Filter>
    </ClInclude>
    <ClInclude Include="GlobalContext.h">
      <Filter>Header Files</Filter>
    </ClInclude>
    <ClInclude Include="MiniDump.h">
      <Filter>Header Files</Filter>
    </ClInclude>
    <ClInclude Include="DbContext.h">
      <Filter>Header Files</Filter>
    </ClInclude>
    <ClInclude Include="DbConnection.h">
      <Filter>Header Files</Filter>
    </ClInclude>
  </ItemGroup>
  <ItemGroup>
    <None Include="ylz.sqlviewer_zh.ts">
      <Filter>Translation Files</Filter>
    </None>
  </ItemGroup>
  <ItemGroup>
    <ResourceCompile Include="Ylz.SqlViewer.rc" />
  </ItemGroup>
  <ItemGroup>
    <Image Include="Resources\app.ico" />
  </ItemGroup>
</Project>